
Microsoft Visual Studio Solution File, Format Version 12.00
# Visual Studio Version 17
VisualStudioVersion = 17.12.35514.174
MinimumVisualStudioVersion = 10.0.40219.1
Project("{FAE04EC0-301F-11D3-BF4B-00C04F79EFBC}") = "SAK25", "SAK25\SAK25.csproj", "{E5C11025-E27D-4C03-809A-1B5D0D752B83}"
EndProject
Project("{FAE04EC0-301F-11D3-BF4B-00C04F79EFBC}") = "SAK25-console", "SAK25-console\SAK25-console.csproj", "{5108DC53-145C-4FA2-8AEC-416CCBE9A6D7}"
EndProject
Project("{FAE04EC0-301F-11D3-BF4B-00C04F79EFBC}") = "SAK25-tests", "SAK25-tests\SAK25-tests.csproj", "{C2F9F8F1-510E-40D1-9E91-7D86D0D9529B}"
EndProject
Global
	GlobalSection(SolutionConfigurationPlatforms) = preSolution
		Debug|Any CPU = Debug|Any CPU
		Release|Any CPU = Release|Any CPU
	EndGlobalSection
	GlobalSection(ProjectConfigurationPlatforms) = postSolution
		{E5C11025-E27D-4C03-809A-1B5D0D752B83}.Debug|Any CPU.ActiveCfg = Debug|Any CPU
		{E5C11025-E27D-4C03-809A-1B5D0D752B83}.Debug|Any CPU.Build.0 = Debug|Any CPU
		{E5C11025-E27D-4C03-809A-1B5D0D752B83}.Release|Any CPU.ActiveCfg = Release|Any CPU
		{E5C11025-E27D-4C03-809A-1B5D0D752B83}.Release|Any CPU.Build.0 = Release|Any CPU
		{5108DC53-145C-4FA2-8AEC-416CCBE9A6D7}.Debug|Any CPU.ActiveCfg = Debug|Any CPU
		{5108DC53-145C-4FA2-8AEC-416CCBE9A6D7}.Debug|Any CPU.Build.0 = Debug|Any CPU
		{5108DC53-145C-4FA2-8AEC-416CCBE9A6D7}.Release|Any CPU.ActiveCfg = Release|Any CPU
		{5108DC53-145C-4FA2-8AEC-416CCBE9A6D7}.Release|Any CPU.Build.0 = Release|Any CPU
		{C2F9F8F1-510E-40D1-9E91-7D86D0D9529B}.Debug|Any CPU.ActiveCfg = Debug|Any CPU
		{C2F9F8F1-510E-40D1-9E91-7D86D0D9529B}.Debug|Any CPU.Build.0 = Debug|Any CPU
		{C2F9F8F1-510E-40D1-9E91-7D86D0D9529B}.Release|Any CPU.ActiveCfg = Release|Any CPU
		{C2F9F8F1-510E-40D1-9E91-7D86D0D9529B}.Release|Any CPU.Build.0 = Release|Any CPU
	EndGlobalSection
	GlobalSection(SolutionProperties) = preSolution
		HideSolutionNode = FALSE
	EndGlobalSection
EndGlobal
